
Microsoft Visual Studio Solution File, Format Version 12.00
# Visual Studio Version 17
VisualStudioVersion = 17.0.31903.59
MinimumVisualStudioVersion = 10.0.40219.1
Project("{FAE04EC0-301F-11D3-BF4B-00C04F79EFBC}") = "GenshinPiano.Core", "src\GenshinPiano.Core\GenshinPiano.Core.csproj", "{D4A887ED-72B7-41A7-BE39-8A8F3D9F2C01}"
EndProject
Project("{FAE04EC0-301F-11D3-BF4B-00C04F79EFBC}") = "GenshinPiano.Application", "src\GenshinPiano.Application\GenshinPiano.Application.csproj", "{13A439BD-3CA4-4BE0-A31B-A30C7B0D1F02}"
EndProject
Project("{FAE04EC0-301F-11D3-BF4B-00C04F79EFBC}") = "GenshinPiano.Infrastructure", "src\GenshinPiano.Infrastructure\GenshinPiano.Infrastructure.csproj", "{9551FD72-3C31-4CBB-811B-CE064DFAE103}"
EndProject
Project("{FAE04EC0-301F-11D3-BF4B-00C04F79EFBC}") = "GenshinPiano.App", "src\GenshinPiano.App\GenshinPiano.App.csproj", "{339D0D0E-8185-45CE-A05B-2C0952519304}"
EndProject
Project("{FAE04EC0-301F-11D3-BF4B-00C04F79EFBC}") = "GenshinPiano.Core.Tests", "tests\GenshinPiano.Core.Tests\GenshinPiano.Core.Tests.csproj", "{EB1ECFC7-1C20-4497-B5E6-9CC79ED95705}"
EndProject
Project("{2150E333-8FDC-42A3-9474-1A3956D46DE8}") = "src", "src", "{827E0CD3-B72D-47B6-A68D-7590B98EB39B}"
EndProject
Project("{FAE04EC0-301F-11D3-BF4B-00C04F79EFBC}") = "GenshinPiano.Ocr.Engine", "src\GenshinPiano.Ocr.Engine\GenshinPiano.Ocr.Engine.csproj", "{CC65514D-3F81-48BC-AC94-F571BF5707D1}"
EndProject
Global
	GlobalSection(SolutionConfigurationPlatforms) = preSolution
		Debug|Any CPU = Debug|Any CPU
		Debug|x64 = Debug|x64
		Debug|x86 = Debug|x86
		Release|Any CPU = Release|Any CPU
		Release|x64 = Release|x64
		Release|x86 = Release|x86
	EndGlobalSection
	GlobalSection(ProjectConfigurationPlatforms) = postSolution
		{D4A887ED-72B7-41A7-BE39-8A8F3D9F2C01}.Debug|Any CPU.ActiveCfg = Debug|Any CPU
		{D4A887ED-72B7-41A7-BE39-8A8F3D9F2C01}.Debug|Any CPU.Build.0 = Debug|Any CPU
		{D4A887ED-72B7-41A7-BE39-8A8F3D9F2C01}.Debug|x64.ActiveCfg = Debug|Any CPU
		{D4A887ED-72B7-41A7-BE39-8A8F3D9F2C01}.Debug|x64.Build.0 = Debug|Any CPU
		{D4A887ED-72B7-41A7-BE39-8A8F3D9F2C01}.Debug|x86.ActiveCfg = Debug|Any CPU
		{D4A887ED-72B7-41A7-BE39-8A8F3D9F2C01}.Debug|x86.Build.0 = Debug|Any CPU
		{D4A887ED-72B7-41A7-BE39-8A8F3D9F2C01}.Release|Any CPU.ActiveCfg = Release|Any CPU
		{D4A887ED-72B7-41A7-BE39-8A8F3D9F2C01}.Release|Any CPU.Build.0 = Release|Any CPU
		{D4A887ED-72B7-41A7-BE39-8A8F3D9F2C01}.Release|x64.ActiveCfg = Release|Any CPU
		{D4A887ED-72B7-41A7-BE39-8A8F3D9F2C01}.Release|x64.Build.0 = Release|Any CPU
		{D4A887ED-72B7-41A7-BE39-8A8F3D9F2C01}.Release|x86.ActiveCfg = Release|Any CPU
		{D4A887ED-72B7-41A7-BE39-8A8F3D9F2C01}.Release|x86.Build.0 = Release|Any CPU
		{13A439BD-3CA4-4BE0-A31B-A30C7B0D1F02}.Debug|Any CPU.ActiveCfg = Debug|Any CPU
		{13A439BD-3CA4-4BE0-A31B-A30C7B0D1F02}.Debug|Any CPU.Build.0 = Debug|Any CPU
		{13A439BD-3CA4-4BE0-A31B-A30C7B0D1F02}.Debug|x64.ActiveCfg = Debug|Any CPU
		{13A439BD-3CA4-4BE0-A31B-A30C7B0D1F02}.Debug|x64.Build.0 = Debug|Any CPU
		{13A439BD-3CA4-4BE0-A31B-A30C7B0D1F02}.Debug|x86.ActiveCfg = Debug|Any CPU
		{13A439BD-3CA4-4BE0-A31B-A30C7B0D1F02}.Debug|x86.Build.0 = Debug|Any CPU
		{13A439BD-3CA4-4BE0-A31B-A30C7B0D1F02}.Release|Any CPU.ActiveCfg = Release|Any CPU
		{13A439BD-3CA4-4BE0-A31B-A30C7B0D1F02}.Release|Any CPU.Build.0 = Release|Any CPU
		{13A439BD-3CA4-4BE0-A31B-A30C7B0D1F02}.Release|x64.ActiveCfg = Release|Any CPU
		{13A439BD-3CA4-4BE0-A31B-A30C7B0D1F02}.Release|x64.Build.0 = Release|Any CPU
		{13A439BD-3CA4-4BE0-A31B-A30C7B0D1F02}.Release|x86.ActiveCfg = Release|Any CPU
		{13A439BD-3CA4-4BE0-A31B-A30C7B0D1F02}.Release|x86.Build.0 = Release|Any CPU
		{9551FD72-3C31-4CBB-811B-CE064DFAE103}.Debug|Any CPU.ActiveCfg = Debug|Any CPU
		{9551FD72-3C31-4CBB-811B-CE064DFAE103}.Debug|Any CPU.Build.0 = Debug|Any CPU
		{9551FD72-3C31-4CBB-811B-CE064DFAE103}.Debug|x64.ActiveCfg = Debug|Any CPU
		{9551FD72-3C31-4CBB-811B-CE064DFAE103}.Debug|x64.Build.0 = Debug|Any CPU
		{9551FD72-3C31-4CBB-811B-CE064DFAE103}.Debug|x86.ActiveCfg = Debug|Any CPU
		{9551FD72-3C31-4CBB-811B-CE064DFAE103}.Debug|x86.Build.0 = Debug|Any CPU
		{9551FD72-3C31-4CBB-811B-CE064DFAE103}.Release|Any CPU.ActiveCfg = Release|Any CPU
		{9551FD72-3C31-4CBB-811B-CE064DFAE103}.Release|Any CPU.Build.0 = Release|Any CPU
		{9551FD72-3C31-4CBB-811B-CE064DFAE103}.Release|x64.ActiveCfg = Release|Any CPU
		{9551FD72-3C31-4CBB-811B-CE064DFAE103}.Release|x64.Build.0 = Release|Any CPU
		{9551FD72-3C31-4CBB-811B-CE064DFAE103}.Release|x86.ActiveCfg = Release|Any CPU
		{9551FD72-3C31-4CBB-811B-CE064DFAE103}.Release|x86.Build.0 = Release|Any CPU
		{339D0D0E-8185-45CE-A05B-2C0952519304}.Debug|Any CPU.ActiveCfg = Debug|Any CPU
		{339D0D0E-8185-45CE-A05B-2C0952519304}.Debug|Any CPU.Build.0 = Debug|Any CPU
		{339D0D0E-8185-45CE-A05B-2C0952519304}.Debug|x64.ActiveCfg = Debug|Any CPU
		{339D0D0E-8185-45CE-A05B-2C0952519304}.Debug|x64.Build.0 = Debug|Any CPU
		{339D0D0E-8185-45CE-A05B-2C0952519304}.Debug|x86.ActiveCfg = Debug|Any CPU
		{339D0D0E-8185-45CE-A05B-2C0952519304}.Debug|x86.Build.0 = Debug|Any CPU
		{339D0D0E-8185-45CE-A05B-2C0952519304}.Release|Any CPU.ActiveCfg = Release|Any CPU
		{339D0D0E-8185-45CE-A05B-2C0952519304}.Release|Any CPU.Build.0 = Release|Any CPU
		{339D0D0E-8185-45CE-A05B-2C0952519304}.Release|x64.ActiveCfg = Release|Any CPU
		{339D0D0E-8185-45CE-A05B-2C0952519304}.Release|x64.Build.0 = Release|Any CPU
		{339D0D0E-8185-45CE-A05B-2C0952519304}.Release|x86.ActiveCfg = Release|Any CPU
		{339D0D0E-8185-45CE-A05B-2C0952519304}.Release|x86.Build.0 = Release|Any CPU
		{EB1ECFC7-1C20-4497-B5E6-9CC79ED95705}.Debug|Any CPU.ActiveCfg = Debug|Any CPU
		{EB1ECFC7-1C20-4497-B5E6-9CC79ED95705}.Debug|Any CPU.Build.0 = Debug|Any CPU
		{EB1ECFC7-1C20-4497-B5E6-9CC79ED95705}.Debug|x64.ActiveCfg = Debug|Any CPU
		{EB1ECFC7-1C20-4497-B5E6-9CC79ED95705}.Debug|x64.Build.0 = Debug|Any CPU
		{EB1ECFC7-1C20-4497-B5E6-9CC79ED95705}.Debug|x86.ActiveCfg = Debug|Any CPU
		{EB1ECFC7-1C20-4497-B5E6-9CC79ED95705}.Debug|x86.Build.0 = Debug|Any CPU
		{EB1ECFC7-1C20-4497-B5E6-9CC79ED95705}.Release|Any CPU.ActiveCfg = Release|Any CPU
		{EB1ECFC7-1C20-4497-B5E6-9CC79ED95705}.Release|Any CPU.Build.0 = Release|Any CPU
		{EB1ECFC7-1C20-4497-B5E6-9CC79ED95705}.Release|x64.ActiveCfg = Release|Any CPU
		{EB1ECFC7-1C20-4497-B5E6-9CC79ED95705}.Release|x64.Build.0 = Release|Any CPU
		{EB1ECFC7-1C20-4497-B5E6-9CC79ED95705}.Release|x86.ActiveCfg = Release|Any CPU
		{EB1ECFC7-1C20-4497-B5E6-9CC79ED95705}.Release|x86.Build.0 = Release|Any CPU
		{CC65514D-3F81-48BC-AC94-F571BF5707D1}.Debug|Any CPU.ActiveCfg = Debug|Any CPU
		{CC65514D-3F81-48BC-AC94-F571BF5707D1}.Debug|Any CPU.Build.0 = Debug|Any CPU
		{CC65514D-3F81-48BC-AC94-F571BF5707D1}.Debug|x64.ActiveCfg = Debug|Any CPU
		{CC65514D-3F81-48BC-AC94-F571BF5707D1}.Debug|x64.Build.0 = Debug|Any CPU
		{CC65514D-3F81-48BC-AC94-F571BF5707D1}.Debug|x86.ActiveCfg = Debug|Any CPU
		{CC65514D-3F81-48BC-AC94-F571BF5707D1}.Debug|x86.Build.0 = Debug|Any CPU
		{CC65514D-3F81-48BC-AC94-F571BF5707D1}.Release|Any CPU.ActiveCfg = Release|Any CPU
		{CC65514D-3F81-48BC-AC94-F571BF5707D1}.Release|Any CPU.Build.0 = Release|Any CPU
		{CC65514D-3F81-48BC-AC94-F571BF5707D1}.Release|x64.ActiveCfg = Release|Any CPU
		{CC65514D-3F81-48BC-AC94-F571BF5707D1}.Release|x64.Build.0 = Release|Any CPU
		{CC65514D-3F81-48BC-AC94-F571BF5707D1}.Release|x86.ActiveCfg = Release|Any CPU
		{CC65514D-3F81-48BC-AC94-F571BF5707D1}.Release|x86.Build.0 = Release|Any CPU
	EndGlobalSection
	GlobalSection(SolutionProperties) = preSolution
		HideSolutionNode = FALSE
	EndGlobalSection
	GlobalSection(NestedProjects) = preSolution
		{CC65514D-3F81-48BC-AC94-F571BF5707D1} = {827E0CD3-B72D-47B6-A68D-7590B98EB39B}
	EndGlobalSection
EndGlobal
